
Microsoft Visual Studio Solution File, Format Version 12.00
# Visual Studio Version 17
VisualStudioVersion = 17.0.31912.275
MinimumVisualStudioVersion = 10.0.40219.1
Project("{9A19103F-16F7-4668-BE54-9A1E7A4F7556}") = "ReminderTelegramBot.WebAPI", "ReminderTelegramBot.WebAPI\ReminderTelegramBot.WebAPI.csproj", "{AFC9E160-72CF-4EC8-8A6E-6A0A804642D0}"
EndProject
Project("{9A19103F-16F7-4668-BE54-9A1E7A4F7556}") = "ReminderTelegramBot.WebAPI.Tests", "ReminderTelegramBot.WebAPI.Tests\ReminderTelegramBot.WebAPI.Tests.csproj", "{C107A9DB-7D21-47DB-9317-882C11B30CA6}"
EndProject
Global
	GlobalSection(SolutionConfigurationPlatforms) = preSolution
		Debug|Any CPU = Debug|Any CPU
		Release|Any CPU = Release|Any CPU
	EndGlobalSection
	GlobalSection(ProjectConfigurationPlatforms) = postSolution
		{AFC9E160-72CF-4EC8-8A6E-6A0A804642D0}.Debug|Any CPU.ActiveCfg = Debug|Any CPU
		{AFC9E160-72CF-4EC8-8A6E-6A0A804642D0}.Debug|Any CPU.Build.0 = Debug|Any CPU
		{AFC9E160-72CF-4EC8-8A6E-6A0A804642D0}.Release|Any CPU.ActiveCfg = Release|Any CPU
		{AFC9E160-72CF-4EC8-8A6E-6A0A804642D0}.Release|Any CPU.Build.0 = Release|Any CPU
		{C107A9DB-7D21-47DB-9317-882C11B30CA6}.Debug|Any CPU.ActiveCfg = Debug|Any CPU
		{C107A9DB-7D21-47DB-9317-882C11B30CA6}.Debug|Any CPU.Build.0 = Debug|Any CPU
		{C107A9DB-7D21-47DB-9317-882C11B30CA6}.Release|Any CPU.ActiveCfg = Release|Any CPU
		{C107A9DB-7D21-47DB-9317-882C11B30CA6}.Release|Any CPU.Build.0 = Release|Any CPU
	EndGlobalSection
	GlobalSection(SolutionProperties) = preSolution
		HideSolutionNode = FALSE
	EndGlobalSection
	GlobalSection(ExtensibilityGlobals) = postSolution
		SolutionGuid = {B1EA24F1-2065-409B-ABBF-1EB0B860E7DB}
	EndGlobalSection
EndGlobal
